
Microsoft Visual Studio Solution File, Format Version 12.00
# Visual Studio 15
VisualStudioVersion = 15.0.27703.2042
MinimumVisualStudioVersion = 10.0.40219.1
Project("{FAE04EC0-301F-11D3-BF4B-00C04F79EFBC}") = "Test.Web.RazorPages", "Test.Web.RazorPages\Test.Web.RazorPages.csproj", "{20BCB003-8568-468B-B6D5-A53BAB6E8E9F}"
EndProject
Global
	GlobalSection(SolutionConfigurationPlatforms) = preSolution
		Debug|Any CPU = Debug|Any CPU
		Release|Any CPU = Release|Any CPU
	EndGlobalSection
	GlobalSection(ProjectConfigurationPlatforms) = postSolution
		{20BCB003-8568-468B-B6D5-A53BAB6E8E9F}.Debug|Any CPU.ActiveCfg = Debug|Any CPU
		{20BCB003-8568-468B-B6D5-A53BAB6E8E9F}.Debug|Any CPU.Build.0 = Debug|Any CPU
		{20BCB003-8568-468B-B6D5-A53BAB6E8E9F}.Release|Any CPU.ActiveCfg = Release|Any CPU
		{20BCB003-8568-468B-B6D5-A53BAB6E8E9F}.Release|Any CPU.Build.0 = Release|Any CPU
	EndGlobalSection
	GlobalSection(SolutionProperties) = preSolution
		HideSolutionNode = FALSE
	EndGlobalSection
	GlobalSection(ExtensibilityGlobals) = postSolution
		SolutionGuid = {C7A45F36-8B29-47C2-A55F-BBDE373CF2AF}
	EndGlobalSection
EndGlobal
