
Microsoft Visual Studio Solution File, Format Version 12.00
# Visual Studio 15
VisualStudioVersion = 15.0.27703.2042
MinimumVisualStudioVersion = 10.0.40219.1
Project("{9A19103F-16F7-4668-BE54-9A1E7A4F7556}") = "Test.Web.RazorPages", "Test.Web.RazorPages\Test.Web.RazorPages.csproj", "{20BCB003-8568-468B-B6D5-A53BAB6E8E9F}"
EndProject
Project("{FAE04EC0-301F-11D3-BF4B-00C04F79EFBC}") = "Test.Web.Mvc", "Test.Web.Mvc\Test.Web.Mvc.csproj", "{B8DB2859-6A3B-4C35-8B31-174A8B8FC58A}"
EndProject
Project("{FAE04EC0-301F-11D3-BF4B-00C04F79EFBC}") = "Test.Web.WebAPI", "Test.Web.WebAPI\Test.Web.WebAPI.csproj", "{EF9C3EE1-C721-406B-93F6-A1689274FD52}"
EndProject
Project("{FAE04EC0-301F-11D3-BF4B-00C04F79EFBC}") = "Test.Web", "Test.Web\Test.Web.csproj", "{20B275D7-B50F-4FEA-93D1-D97262148AF7}"
EndProject
Project("{FAE04EC0-301F-11D3-BF4B-00C04F79EFBC}") = "Test.Web.WebAPI.OData", "Test.Web.WebAPI.OData\Test.Web.WebAPI.OData.csproj", "{1376131F-4F52-4AB9-BE64-B687921E442E}"
EndProject
Project("{FAE04EC0-301F-11D3-BF4B-00C04F79EFBC}") = "Test.Web.Model", "Test.Web.Model\Test.Web.Model.csproj", "{44CF0E8D-670F-4747-AD72-E8A554B1C743}"
EndProject
Project("{FAE04EC0-301F-11D3-BF4B-00C04F79EFBC}") = "Test.Web.SelfHost", "Test.Web.SelfHost\Test.Web.SelfHost.csproj", "{9B5F1BE7-3CBC-4E03-9823-D178BEE7203D}"
EndProject
Project("{CC5FD16D-436D-48AD-A40C-5A424C6E3E79}") = "Test.Web.SelfHost.Azure", "Test.Web.SelfHost.Azure\Test.Web.SelfHost.Azure.ccproj", "{F4F1C710-3450-4A09-A454-82F6B54F0EF9}"
EndProject
Project("{FAE04EC0-301F-11D3-BF4B-00C04F79EFBC}") = "Test.Web.SelfHost.Azure.WorkerRole", "Test.Web.SelfHost.Azure.WorkerRole\Test.Web.SelfHost.Azure.WorkerRole.csproj", "{09614501-0979-4387-94E0-68131E1B6075}"
EndProject
Project("{FAE04EC0-301F-11D3-BF4B-00C04F79EFBC}") = "Test.Web.Javascript", "Test.Web.Javascript\Test.Web.Javascript.csproj", "{F8FC4451-7E7D-4FE1-8E91-8D35770C190C}"
EndProject
Global
	GlobalSection(SolutionConfigurationPlatforms) = preSolution
		Debug|Any CPU = Debug|Any CPU
		Release|Any CPU = Release|Any CPU
	EndGlobalSection
	GlobalSection(ProjectConfigurationPlatforms) = postSolution
		{20BCB003-8568-468B-B6D5-A53BAB6E8E9F}.Debug|Any CPU.ActiveCfg = Debug|Any CPU
		{20BCB003-8568-468B-B6D5-A53BAB6E8E9F}.Debug|Any CPU.Build.0 = Debug|Any CPU
		{20BCB003-8568-468B-B6D5-A53BAB6E8E9F}.Release|Any CPU.ActiveCfg = Release|Any CPU
		{20BCB003-8568-468B-B6D5-A53BAB6E8E9F}.Release|Any CPU.Build.0 = Release|Any CPU
		{B8DB2859-6A3B-4C35-8B31-174A8B8FC58A}.Debug|Any CPU.ActiveCfg = Debug|Any CPU
		{B8DB2859-6A3B-4C35-8B31-174A8B8FC58A}.Debug|Any CPU.Build.0 = Debug|Any CPU
		{B8DB2859-6A3B-4C35-8B31-174A8B8FC58A}.Release|Any CPU.ActiveCfg = Release|Any CPU
		{B8DB2859-6A3B-4C35-8B31-174A8B8FC58A}.Release|Any CPU.Build.0 = Release|Any CPU
		{EF9C3EE1-C721-406B-93F6-A1689274FD52}.Debug|Any CPU.ActiveCfg = Debug|Any CPU
		{EF9C3EE1-C721-406B-93F6-A1689274FD52}.Debug|Any CPU.Build.0 = Debug|Any CPU
		{EF9C3EE1-C721-406B-93F6-A1689274FD52}.Release|Any CPU.ActiveCfg = Release|Any CPU
		{EF9C3EE1-C721-406B-93F6-A1689274FD52}.Release|Any CPU.Build.0 = Release|Any CPU
		{20B275D7-B50F-4FEA-93D1-D97262148AF7}.Debug|Any CPU.ActiveCfg = Debug|Any CPU
		{20B275D7-B50F-4FEA-93D1-D97262148AF7}.Debug|Any CPU.Build.0 = Debug|Any CPU
		{20B275D7-B50F-4FEA-93D1-D97262148AF7}.Release|Any CPU.ActiveCfg = Release|Any CPU
		{20B275D7-B50F-4FEA-93D1-D97262148AF7}.Release|Any CPU.Build.0 = Release|Any CPU
		{1376131F-4F52-4AB9-BE64-B687921E442E}.Debug|Any CPU.ActiveCfg = Debug|Any CPU
		{1376131F-4F52-4AB9-BE64-B687921E442E}.Debug|Any CPU.Build.0 = Debug|Any CPU
		{1376131F-4F52-4AB9-BE64-B687921E442E}.Release|Any CPU.ActiveCfg = Release|Any CPU
		{1376131F-4F52-4AB9-BE64-B687921E442E}.Release|Any CPU.Build.0 = Release|Any CPU
		{44CF0E8D-670F-4747-AD72-E8A554B1C743}.Debug|Any CPU.ActiveCfg = Debug|Any CPU
		{44CF0E8D-670F-4747-AD72-E8A554B1C743}.Debug|Any CPU.Build.0 = Debug|Any CPU
		{44CF0E8D-670F-4747-AD72-E8A554B1C743}.Release|Any CPU.ActiveCfg = Release|Any CPU
		{44CF0E8D-670F-4747-AD72-E8A554B1C743}.Release|Any CPU.Build.0 = Release|Any CPU
		{9B5F1BE7-3CBC-4E03-9823-D178BEE7203D}.Debug|Any CPU.ActiveCfg = Debug|Any CPU
		{9B5F1BE7-3CBC-4E03-9823-D178BEE7203D}.Debug|Any CPU.Build.0 = Debug|Any CPU
		{9B5F1BE7-3CBC-4E03-9823-D178BEE7203D}.Release|Any CPU.ActiveCfg = Release|Any CPU
		{9B5F1BE7-3CBC-4E03-9823-D178BEE7203D}.Release|Any CPU.Build.0 = Release|Any CPU
		{F4F1C710-3450-4A09-A454-82F6B54F0EF9}.Debug|Any CPU.ActiveCfg = Debug|Any CPU
		{F4F1C710-3450-4A09-A454-82F6B54F0EF9}.Debug|Any CPU.Build.0 = Debug|Any CPU
		{F4F1C710-3450-4A09-A454-82F6B54F0EF9}.Release|Any CPU.ActiveCfg = Release|Any CPU
		{F4F1C710-3450-4A09-A454-82F6B54F0EF9}.Release|Any CPU.Build.0 = Release|Any CPU
		{09614501-0979-4387-94E0-68131E1B6075}.Debug|Any CPU.ActiveCfg = Debug|Any CPU
		{09614501-0979-4387-94E0-68131E1B6075}.Debug|Any CPU.Build.0 = Debug|Any CPU
		{09614501-0979-4387-94E0-68131E1B6075}.Release|Any CPU.ActiveCfg = Release|Any CPU
		{09614501-0979-4387-94E0-68131E1B6075}.Release|Any CPU.Build.0 = Release|Any CPU
		{F8FC4451-7E7D-4FE1-8E91-8D35770C190C}.Debug|Any CPU.ActiveCfg = Debug|Any CPU
		{F8FC4451-7E7D-4FE1-8E91-8D35770C190C}.Debug|Any CPU.Build.0 = Debug|Any CPU
		{F8FC4451-7E7D-4FE1-8E91-8D35770C190C}.Release|Any CPU.ActiveCfg = Release|Any CPU
		{F8FC4451-7E7D-4FE1-8E91-8D35770C190C}.Release|Any CPU.Build.0 = Release|Any CPU
	EndGlobalSection
	GlobalSection(SolutionProperties) = preSolution
		HideSolutionNode = FALSE
	EndGlobalSection
	GlobalSection(ExtensibilityGlobals) = postSolution
		SolutionGuid = {C7A45F36-8B29-47C2-A55F-BBDE373CF2AF}
	EndGlobalSection
EndGlobal
